
Microsoft Visual Studio Solution File, Format Version 12.00
# Visual Studio 15
VisualStudioVersion = 15.0.26730.12
MinimumVisualStudioVersion = 10.0.40219.1
Project("{FAE04EC0-301F-11D3-BF4B-00C04F79EFBC}") = "WebApiAngularJsTemplate.Data", "WebApiAngularJsTemplate.Data\WebApiAngularJsTemplate.Data.csproj", "{3C9EF219-BD3A-4CBB-9AD3-4E8E9C0EA07E}"
EndProject
Project("{FAE04EC0-301F-11D3-BF4B-00C04F79EFBC}") = "WebApiAngularJsTemplate.Web", "WebApiAngularJsTemplate.Web\WebApiAngularJsTemplate.Web.csproj", "{90473140-266F-4A47-9DEA-ABB85EDC36E1}"
EndProject
Project("{FAE04EC0-301F-11D3-BF4B-00C04F79EFBC}") = "WebApiAngularJsTemplate.Resources", "WebApiAngularJsTemplate.Resources\WebApiAngularJsTemplate.Resources.csproj", "{6AF5BAD8-8EDC-48F9-9551-910B9A1E4667}"
EndProject
Global
	GlobalSection(SolutionConfigurationPlatforms) = preSolution
		Debug|Any CPU = Debug|Any CPU
		Release|Any CPU = Release|Any CPU
	EndGlobalSection
	GlobalSection(ProjectConfigurationPlatforms) = postSolution
		{3C9EF219-BD3A-4CBB-9AD3-4E8E9C0EA07E}.Debug|Any CPU.ActiveCfg = Debug|Any CPU
		{3C9EF219-BD3A-4CBB-9AD3-4E8E9C0EA07E}.Debug|Any CPU.Build.0 = Debug|Any CPU
		{3C9EF219-BD3A-4CBB-9AD3-4E8E9C0EA07E}.Release|Any CPU.ActiveCfg = Release|Any CPU
		{3C9EF219-BD3A-4CBB-9AD3-4E8E9C0EA07E}.Release|Any CPU.Build.0 = Release|Any CPU
		{90473140-266F-4A47-9DEA-ABB85EDC36E1}.Debug|Any CPU.ActiveCfg = Debug|Any CPU
		{90473140-266F-4A47-9DEA-ABB85EDC36E1}.Debug|Any CPU.Build.0 = Debug|Any CPU
		{90473140-266F-4A47-9DEA-ABB85EDC36E1}.Release|Any CPU.ActiveCfg = Release|Any CPU
		{90473140-266F-4A47-9DEA-ABB85EDC36E1}.Release|Any CPU.Build.0 = Release|Any CPU
		{6AF5BAD8-8EDC-48F9-9551-910B9A1E4667}.Debug|Any CPU.ActiveCfg = Debug|Any CPU
		{6AF5BAD8-8EDC-48F9-9551-910B9A1E4667}.Debug|Any CPU.Build.0 = Debug|Any CPU
		{6AF5BAD8-8EDC-48F9-9551-910B9A1E4667}.Release|Any CPU.ActiveCfg = Release|Any CPU
		{6AF5BAD8-8EDC-48F9-9551-910B9A1E4667}.Release|Any CPU.Build.0 = Release|Any CPU
	EndGlobalSection
	GlobalSection(SolutionProperties) = preSolution
		HideSolutionNode = FALSE
	EndGlobalSection
	GlobalSection(ExtensibilityGlobals) = postSolution
		SolutionGuid = {BD501E62-2E7E-4E11-8F30-C7E1D253A392}
	EndGlobalSection
EndGlobal
